
Microsoft Visual Studio Solution File, Format Version 12.00
# Visual Studio 2012
Project("{FAE04EC0-301F-11D3-BF4B-00C04F79EFBC}") = "AnimationCrashReproductionSample.iOS", "iOS\AnimationCrashReproductionSample.iOS.csproj", "{34C40AEE-032E-47F3-BBD6-FB12ECE43D0F}"
EndProject
Project("{FAE04EC0-301F-11D3-BF4B-00C04F79EFBC}") = "AnimationCrashReproductionSample.Droid", "Droid\AnimationCrashReproductionSample.Droid.csproj", "{5A5A9C26-2765-4D85-97A2-29946E4D36BE}"
EndProject
Project("{FAE04EC0-301F-11D3-BF4B-00C04F79EFBC}") = "AnimationCrashReproductionSample", "AnimationCrashReproductionSample\AnimationCrashReproductionSample.csproj", "{8F0E22FC-663C-49E0-B869-2CEA4E4DAC7D}"
EndProject
Global
	GlobalSection(SolutionConfigurationPlatforms) = preSolution
		Debug|iPhoneSimulator = Debug|iPhoneSimulator
		Release|iPhone = Release|iPhone
		Release|iPhoneSimulator = Release|iPhoneSimulator
		Debug|iPhone = Debug|iPhone
		Debug|Any CPU = Debug|Any CPU
		Release|Any CPU = Release|Any CPU
	EndGlobalSection
	GlobalSection(ProjectConfigurationPlatforms) = postSolution
		{34C40AEE-032E-47F3-BBD6-FB12ECE43D0F}.Debug|iPhoneSimulator.ActiveCfg = Debug|iPhoneSimulator
		{34C40AEE-032E-47F3-BBD6-FB12ECE43D0F}.Debug|iPhoneSimulator.Build.0 = Debug|iPhoneSimulator
		{34C40AEE-032E-47F3-BBD6-FB12ECE43D0F}.Release|iPhone.ActiveCfg = Release|iPhone
		{34C40AEE-032E-47F3-BBD6-FB12ECE43D0F}.Release|iPhone.Build.0 = Release|iPhone
		{34C40AEE-032E-47F3-BBD6-FB12ECE43D0F}.Release|iPhoneSimulator.ActiveCfg = Release|iPhoneSimulator
		{34C40AEE-032E-47F3-BBD6-FB12ECE43D0F}.Release|iPhoneSimulator.Build.0 = Release|iPhoneSimulator
		{34C40AEE-032E-47F3-BBD6-FB12ECE43D0F}.Debug|iPhone.ActiveCfg = Debug|iPhone
		{34C40AEE-032E-47F3-BBD6-FB12ECE43D0F}.Debug|iPhone.Build.0 = Debug|iPhone
		{34C40AEE-032E-47F3-BBD6-FB12ECE43D0F}.Debug|Any CPU.ActiveCfg = Debug|iPhoneSimulator
		{34C40AEE-032E-47F3-BBD6-FB12ECE43D0F}.Debug|Any CPU.Build.0 = Debug|iPhoneSimulator
		{34C40AEE-032E-47F3-BBD6-FB12ECE43D0F}.Release|Any CPU.ActiveCfg = Release|iPhone
		{34C40AEE-032E-47F3-BBD6-FB12ECE43D0F}.Release|Any CPU.Build.0 = Release|iPhone
		{5A5A9C26-2765-4D85-97A2-29946E4D36BE}.Debug|iPhoneSimulator.ActiveCfg = Debug|Any CPU
		{5A5A9C26-2765-4D85-97A2-29946E4D36BE}.Debug|iPhoneSimulator.Build.0 = Debug|Any CPU
		{5A5A9C26-2765-4D85-97A2-29946E4D36BE}.Release|iPhone.ActiveCfg = Release|Any CPU
		{5A5A9C26-2765-4D85-97A2-29946E4D36BE}.Release|iPhone.Build.0 = Release|Any CPU
		{5A5A9C26-2765-4D85-97A2-29946E4D36BE}.Release|iPhoneSimulator.ActiveCfg = Release|Any CPU
		{5A5A9C26-2765-4D85-97A2-29946E4D36BE}.Release|iPhoneSimulator.Build.0 = Release|Any CPU
		{5A5A9C26-2765-4D85-97A2-29946E4D36BE}.Debug|iPhone.ActiveCfg = Debug|Any CPU
		{5A5A9C26-2765-4D85-97A2-29946E4D36BE}.Debug|iPhone.Build.0 = Debug|Any CPU
		{5A5A9C26-2765-4D85-97A2-29946E4D36BE}.Debug|Any CPU.ActiveCfg = Debug|Any CPU
		{5A5A9C26-2765-4D85-97A2-29946E4D36BE}.Debug|Any CPU.Build.0 = Debug|Any CPU
		{5A5A9C26-2765-4D85-97A2-29946E4D36BE}.Release|Any CPU.ActiveCfg = Release|Any CPU
		{5A5A9C26-2765-4D85-97A2-29946E4D36BE}.Release|Any CPU.Build.0 = Release|Any CPU
		{8F0E22FC-663C-49E0-B869-2CEA4E4DAC7D}.Debug|iPhoneSimulator.ActiveCfg = Debug|Any CPU
		{8F0E22FC-663C-49E0-B869-2CEA4E4DAC7D}.Debug|iPhoneSimulator.Build.0 = Debug|Any CPU
		{8F0E22FC-663C-49E0-B869-2CEA4E4DAC7D}.Release|iPhone.ActiveCfg = Release|Any CPU
		{8F0E22FC-663C-49E0-B869-2CEA4E4DAC7D}.Release|iPhone.Build.0 = Release|Any CPU
		{8F0E22FC-663C-49E0-B869-2CEA4E4DAC7D}.Release|iPhoneSimulator.ActiveCfg = Release|Any CPU
		{8F0E22FC-663C-49E0-B869-2CEA4E4DAC7D}.Release|iPhoneSimulator.Build.0 = Release|Any CPU
		{8F0E22FC-663C-49E0-B869-2CEA4E4DAC7D}.Debug|iPhone.ActiveCfg = Debug|Any CPU
		{8F0E22FC-663C-49E0-B869-2CEA4E4DAC7D}.Debug|iPhone.Build.0 = Debug|Any CPU
		{8F0E22FC-663C-49E0-B869-2CEA4E4DAC7D}.Debug|Any CPU.ActiveCfg = Debug|Any CPU
		{8F0E22FC-663C-49E0-B869-2CEA4E4DAC7D}.Debug|Any CPU.Build.0 = Debug|Any CPU
		{8F0E22FC-663C-49E0-B869-2CEA4E4DAC7D}.Release|Any CPU.ActiveCfg = Release|Any CPU
		{8F0E22FC-663C-49E0-B869-2CEA4E4DAC7D}.Release|Any CPU.Build.0 = Release|Any CPU
	EndGlobalSection
EndGlobal
